// !$*UTF8*$!
{
	archiveVersion = 1;
	classes = {
	};
	objectVersion = 48;
	objects = {

/* Begin PBXBuildFile section */
		6770C8B020732281002A4104 /* AppDelegate.m in Sources */ = {isa = PBXBuildFile; fileRef = 6770C8AF20732281002A4104 /* AppDelegate.m */; };
		6770C8B320732281002A4104 /* ViewController.m in Sources */ = {isa = PBXBuildFile; fileRef = 6770C8B220732281002A4104 /* ViewController.m */; };
		6770C8B620732281002A4104 /* Main.storyboard in Resources */ = {isa = PBXBuildFile; fileRef = 6770C8B420732281002A4104 /* Main.storyboard */; };
		6770C8B820732281002A4104 /* Assets.xcassets in Resources */ = {isa = PBXBuildFile; fileRef = 6770C8B720732281002A4104 /* Assets.xcassets */; };
		6770C8BB20732281002A4104 /* LaunchScreen.storyboard in Resources */ = {isa = PBXBuildFile; fileRef = 6770C8B920732281002A4104 /* LaunchScreen.storyboard */; };
		6770C8BE20732281002A4104 /* main.m in Sources */ = {isa = PBXBuildFile; fileRef = 6770C8BD20732281002A4104 /* main.m */; };
		6770C8C820732281002A4104 /* PPCropTestTests.m in Sources */ = {isa = PBXBuildFile; fileRef = 6770C8C720732281002A4104 /* PPCropTestTests.m */; };
		6770C8D320732281002A4104 /* PPCropTestUITests.m in Sources */ = {isa = PBXBuildFile; fileRef = 6770C8D220732281002A4104 /* PPCropTestUITests.m */; };
		6770C8E92073230F002A4104 /* PPCropBottomBar.m in Sources */ = {isa = PBXBuildFile; fileRef = 6770C8E22073230F002A4104 /* PPCropBottomBar.m */; };
		6770C8EA2073230F002A4104 /* PPCropLineView.m in Sources */ = {isa = PBXBuildFile; fileRef = 6770C8E42073230F002A4104 /* PPCropLineView.m */; };
		6770C8EB2073230F002A4104 /* PPCropMainVC.m in Sources */ = {isa = PBXBuildFile; fileRef = 6770C8E62073230F002A4104 /* PPCropMainVC.m */; };
		6770C8EC2073230F002A4104 /* UIImage+compressIMG.m in Sources */ = {isa = PBXBuildFile; fileRef = 6770C8E82073230F002A4104 /* UIImage+compressIMG.m */; };
		6770C8EE20732363002A4104 /* IMG_0006.PNG in Resources */ = {isa = PBXBuildFile; fileRef = 6770C8ED20732363002A4104 /* IMG_0006.PNG */; };
		6770C8F12073250E002A4104 /* PPFixCropView.m in Sources */ = {isa = PBXBuildFile; fileRef = 6770C8EF2073250D002A4104 /* PPFixCropView.m */; };
/* End PBXBuildFile section */

/* Begin PBXContainerItemProxy section */
		6770C8C420732281002A4104 /* PBXContainerItemProxy */ = {
			isa = PBXContainerItemProxy;
			containerPortal = 6770C8A320732280002A4104 /* Project object */;
			proxyType = 1;
			remoteGlobalIDString = 6770C8AA20732280002A4104;
			remoteInfo = PPCropTest;
		};
		6770C8CF20732281002A4104 /* PBXContainerItemProxy */ = {
			isa = PBXContainerItemProxy;
			containerPortal = 6770C8A320732280002A4104 /* Project object */;
			proxyType = 1;
			remoteGlobalIDString = 6770C8AA20732280002A4104;
			remoteInfo = PPCropTest;
		};
/* End PBXContainerItemProxy section */

/* Begin PBXFileReference section */
		6770C8AB20732280002A4104 /* PPCropTest.app */ = {isa = PBXFileReference; explicitFileType = wrapper.application; includeInIndex = 0; path = PPCropTest.app; sourceTree = BUILT_PRODUCTS_DIR; };
		6770C8AE20732280002A4104 /* AppDelegate.h */ = {isa = PBXFileReference; lastKnownFileType = sourcecode.c.h; path = AppDelegate.h; sourceTree = "<group>"; };
		6770C8AF20732281002A4104 /* AppDelegate.m */ = {isa = PBXFileReference; lastKnownFileType = sourcecode.c.objc; path = AppDelegate.m; sourceTree = "<group>"; };
		6770C8B120732281002A4104 /* ViewController.h */ = {isa = PBXFileReference; lastKnownFileType = sourcecode.c.h; path = ViewController.h; sourceTree = "<group>"; };
		6770C8B220732281002A4104 /* ViewController.m */ = {isa = PBXFileReference; lastKnownFileType = sourcecode.c.objc; path = ViewController.m; sourceTree = "<group>"; };
		6770C8B520732281002A4104 /* Base */ = {isa = PBXFileReference; lastKnownFileType = file.storyboard; name = Base; path = Base.lproj/Main.storyboard; sourceTree = "<group>"; };
		6770C8B720732281002A4104 /* Assets.xcassets */ = {isa = PBXFileReference; lastKnownFileType = folder.assetcatalog; path = Assets.xcassets; sourceTree = "<group>"; };
		6770C8BA20732281002A4104 /* Base */ = {isa = PBXFileReference; lastKnownFileType = file.storyboard; name = Base; path = Base.lproj/LaunchScreen.storyboard; sourceTree = "<group>"; };
		6770C8BC20732281002A4104 /* Info.plist */ = {isa = PBXFileReference; lastKnownFileType = text.plist.xml; path = Info.plist; sourceTree = "<group>"; };
		6770C8BD20732281002A4104 /* main.m */ = {isa = PBXFileReference; lastKnownFileType = sourcecode.c.objc; path = main.m; sourceTree = "<group>"; };
		6770C8C320732281002A4104 /* PPCropTestTests.xctest */ = {isa = PBXFileReference; explicitFileType = wrapper.cfbundle; includeInIndex = 0; path = PPCropTestTests.xctest; sourceTree = BUILT_PRODUCTS_DIR; };
		6770C8C720732281002A4104 /* PPCropTestTests.m */ = {isa = PBXFileReference; lastKnownFileType = sourcecode.c.objc; path = PPCropTestTests.m; sourceTree = "<group>"; };
		6770C8C920732281002A4104 /* Info.plist */ = {isa = PBXFileReference; lastKnownFileType = text.plist.xml; path = Info.plist; sourceTree = "<group>"; };
		6770C8CE20732281002A4104 /* PPCropTestUITests.xctest */ = {isa = PBXFileReference; explicitFileType = wrapper.cfbundle; includeInIndex = 0; path = PPCropTestUITests.xctest; sourceTree = BUILT_PRODUCTS_DIR; };
		6770C8D220732281002A4104 /* PPCropTestUITests.m */ = {isa = PBXFileReference; lastKnownFileType = sourcecode.c.objc; path = PPCropTestUITests.m; sourceTree = "<group>"; };
		6770C8D420732281002A4104 /* Info.plist */ = {isa = PBXFileReference; lastKnownFileType = text.plist.xml; path = Info.plist; sourceTree = "<group>"; };
		6770C8E12073230F002A4104 /* PPCropBottomBar.h */ = {isa = PBXFileReference; fileEncoding = 4; lastKnownFileType = sourcecode.c.h; path = PPCropBottomBar.h; sourceTree = "<group>"; };
		6770C8E22073230F002A4104 /* PPCropBottomBar.m */ = {isa = PBXFileReference; fileEncoding = 4; lastKnownFileType = sourcecode.c.objc; path = PPCropBottomBar.m; sourceTree = "<group>"; };
		6770C8E32073230F002A4104 /* PPCropLineView.h */ = {isa = PBXFileReference; fileEncoding = 4; lastKnownFileType = sourcecode.c.h; path = PPCropLineView.h; sourceTree = "<group>"; };
		6770C8E42073230F002A4104 /* PPCropLineView.m */ = {isa = PBXFileReference; fileEncoding = 4; lastKnownFileType = sourcecode.c.objc; path = PPCropLineView.m; sourceTree = "<group>"; };
		6770C8E52073230F002A4104 /* PPCropMainVC.h */ = {isa = PBXFileReference; fileEncoding = 4; lastKnownFileType = sourcecode.c.h; path = PPCropMainVC.h; sourceTree = "<group>"; };
		6770C8E62073230F002A4104 /* PPCropMainVC.m */ = {isa = PBXFileReference; fileEncoding = 4; lastKnownFileType = sourcecode.c.objc; path = PPCropMainVC.m; sourceTree = "<group>"; };
		6770C8E72073230F002A4104 /* UIImage+compressIMG.h */ = {isa = PBXFileReference; fileEncoding = 4; lastKnownFileType = sourcecode.c.h; path = "UIImage+compressIMG.h"; sourceTree = "<group>"; };
		6770C8E82073230F002A4104 /* UIImage+compressIMG.m */ = {isa = PBXFileReference; fileEncoding = 4; lastKnownFileType = sourcecode.c.objc; path = "UIImage+compressIMG.m"; sourceTree = "<group>"; };
		6770C8ED20732363002A4104 /* IMG_0006.PNG */ = {isa = PBXFileReference; lastKnownFileType = image.png; path = IMG_0006.PNG; sourceTree = "<group>"; };
		6770C8EF2073250D002A4104 /* PPFixCropView.m */ = {isa = PBXFileReference; fileEncoding = 4; lastKnownFileType = sourcecode.c.objc; path = PPFixCropView.m; sourceTree = "<group>"; };
		6770C8F02073250E002A4104 /* PPFixCropView.h */ = {isa = PBXFileReference; fileEncoding = 4; lastKnownFileType = sourcecode.c.h; path = PPFixCropView.h; sourceTree = "<group>"; };
/* End PBXFileReference section */

/* Begin PBXFrameworksBuildPhase section */
		6770C8A820732280002A4104 /* Frameworks */ = {
			isa = PBXFrameworksBuildPhase;
			buildActionMask = 2147483647;
			files = (
			);
			runOnlyForDeploymentPostprocessing = 0;
		};
		6770C8C020732281002A4104 /* Frameworks */ = {
			isa = PBXFrameworksBuildPhase;
			buildActionMask = 2147483647;
			files = (
			);
			runOnlyForDeploymentPostprocessing = 0;
		};
		6770C8CB20732281002A4104 /* Frameworks */ = {
			isa = PBXFrameworksBuildPhase;
			buildActionMask = 2147483647;
			files = (
			);
			runOnlyForDeploymentPostprocessing = 0;
		};
/* End PBXFrameworksBuildPhase section */

/* Begin PBXGroup section */
		6770C8A220732280002A4104 = {
			isa = PBXGroup;
			children = (
				6770C8AD20732280002A4104 /* PPCropTest */,
				6770C8C620732281002A4104 /* PPCropTestTests */,
				6770C8D120732281002A4104 /* PPCropTestUITests */,
				6770C8AC20732280002A4104 /* Products */,
			);
			sourceTree = "<group>";
		};
		6770C8AC20732280002A4104 /* Products */ = {
			isa = PBXGroup;
			children = (
				6770C8AB20732280002A4104 /* PPCropTest.app */,
				6770C8C320732281002A4104 /* PPCropTestTests.xctest */,
				6770C8CE20732281002A4104 /* PPCropTestUITests.xctest */,
			);
			name = Products;
			sourceTree = "<group>";
		};
		6770C8AD20732280002A4104 /* PPCropTest */ = {
			isa = PBXGroup;
			children = (
				6770C8E02073230F002A4104 /* CropView */,
				6770C8AE20732280002A4104 /* AppDelegate.h */,
				6770C8AF20732281002A4104 /* AppDelegate.m */,
				6770C8B120732281002A4104 /* ViewController.h */,
				6770C8B220732281002A4104 /* ViewController.m */,
				6770C8B420732281002A4104 /* Main.storyboard */,
				6770C8B720732281002A4104 /* Assets.xcassets */,
				6770C8ED20732363002A4104 /* IMG_0006.PNG */,
				6770C8B920732281002A4104 /* LaunchScreen.storyboard */,
				6770C8BC20732281002A4104 /* Info.plist */,
				6770C8BD20732281002A4104 /* main.m */,
			);
			path = PPCropTest;
			sourceTree = "<group>";
		};
		6770C8C620732281002A4104 /* PPCropTestTests */ = {
			isa = PBXGroup;
			children = (
				6770C8C720732281002A4104 /* PPCropTestTests.m */,
				6770C8C920732281002A4104 /* Info.plist */,
			);
			path = PPCropTestTests;
			sourceTree = "<group>";
		};
		6770C8D120732281002A4104 /* PPCropTestUITests */ = {
			isa = PBXGroup;
			children = (
				6770C8D220732281002A4104 /* PPCropTestUITests.m */,
				6770C8D420732281002A4104 /* Info.plist */,
			);
			path = PPCropTestUITests;
			sourceTree = "<group>";
		};
		6770C8E02073230F002A4104 /* CropView */ = {
			isa = PBXGroup;
			children = (
				6770C8F02073250E002A4104 /* PPFixCropView.h */,
				6770C8EF2073250D002A4104 /* PPFixCropView.m */,
				6770C8E12073230F002A4104 /* PPCropBottomBar.h */,
				6770C8E22073230F002A4104 /* PPCropBottomBar.m */,
				6770C8E32073230F002A4104 /* PPCropLineView.h */,
				6770C8E42073230F002A4104 /* PPCropLineView.m */,
				6770C8E52073230F002A4104 /* PPCropMainVC.h */,
				6770C8E62073230F002A4104 /* PPCropMainVC.m */,
				6770C8E72073230F002A4104 /* UIImage+compressIMG.h */,
				6770C8E82073230F002A4104 /* UIImage+compressIMG.m */,
			);
			path = CropView;
			sourceTree = "<group>";
		};
/* End PBXGroup section */

/* Begin PBXNativeTarget section */
		6770C8AA20732280002A4104 /* PPCropTest */ = {
			isa = PBXNativeTarget;
			buildConfigurationList = 6770C8D720732281002A4104 /* Build configuration list for PBXNativeTarget "PPCropTest" */;
			buildPhases = (
				6770C8A720732280002A4104 /* Sources */,
				6770C8A820732280002A4104 /* Frameworks */,
				6770C8A920732280002A4104 /* Resources */,
			);
			buildRules = (
			);
			dependencies = (
			);
			name = PPCropTest;
			productName = PPCropTest;
			productReference = 6770C8AB20732280002A4104 /* PPCropTest.app */;
			productType = "com.apple.product-type.application";
		};
		6770C8C220732281002A4104 /* PPCropTestTests */ = {
			isa = PBXNativeTarget;
			buildConfigurationList = 6770C8DA20732281002A4104 /* Build configuration list for PBXNativeTarget "PPCropTestTests" */;
			buildPhases = (
				6770C8BF20732281002A4104 /* Sources */,
				6770C8C020732281002A4104 /* Frameworks */,
				6770C8C120732281002A4104 /* Resources */,
			);
			buildRules = (
			);
			dependencies = (
				6770C8C520732281002A4104 /* PBXTargetDependency */,
			);
			name = PPCropTestTests;
			productName = PPCropTestTests;
			productReference = 6770C8C320732281002A4104 /* PPCropTestTests.xctest */;
			productType = "com.apple.product-type.bundle.unit-test";
		};
		6770C8CD20732281002A4104 /* PPCropTestUITests */ = {
			isa = PBXNativeTarget;
			buildConfigurationList = 6770C8DD20732281002A4104 /* Build configuration list for PBXNativeTarget "PPCropTestUITests" */;
			buildPhases = (
				6770C8CA20732281002A4104 /* Sources */,
				6770C8CB20732281002A4104 /* Frameworks */,
				6770C8CC20732281002A4104 /* Resources */,
			);
			buildRules = (
			);
			dependencies = (
				6770C8D020732281002A4104 /* PBXTargetDependency */,
			);
			name = PPCropTestUITests;
			productName = PPCropTestUITests;
			productReference = 6770C8CE20732281002A4104 /* PPCropTestUITests.xctest */;
			productType = "com.apple.product-type.bundle.ui-testing";
		};
/* End PBXNativeTarget section */

/* Begin PBXProject section */
		6770C8A320732280002A4104 /* Project object */ = {
			isa = PBXProject;
			attributes = {
				LastUpgradeCheck = 0920;
				ORGANIZATIONNAME = "Liao PanPan";
				TargetAttributes = {
					6770C8AA20732280002A4104 = {
						CreatedOnToolsVersion = 9.2;
						ProvisioningStyle = Automatic;
					};
					6770C8C220732281002A4104 = {
						CreatedOnToolsVersion = 9.2;
						ProvisioningStyle = Automatic;
						TestTargetID = 6770C8AA20732280002A4104;
					};
					6770C8CD20732281002A4104 = {
						CreatedOnToolsVersion = 9.2;
						ProvisioningStyle = Automatic;
						TestTargetID = 6770C8AA20732280002A4104;
					};
				};
			};
			buildConfigurationList = 6770C8A620732280002A4104 /* Build configuration list for PBXProject "PPCropTest" */;
			compatibilityVersion = "Xcode 8.0";
			developmentRegion = en;
			hasScannedForEncodings = 0;
			knownRegions = (
				en,
				Base,
			);
			mainGroup = 6770C8A220732280002A4104;
			productRefGroup = 6770C8AC20732280002A4104 /* Products */;
			projectDirPath = "";
			projectRoot = "";
			targets = (
				6770C8AA20732280002A4104 /* PPCropTest */,
				6770C8C220732281002A4104 /* PPCropTestTests */,
				6770C8CD20732281002A4104 /* PPCropTestUITests */,
			);
		};
/* End PBXProject section */

/* Begin PBXResourcesBuildPhase section */
		6770C8A920732280002A4104 /* Resources */ = {
			isa = PBXResourcesBuildPhase;
			buildActionMask = 2147483647;
			files = (
				6770C8BB20732281002A4104 /* LaunchScreen.storyboard in Resources */,
				6770C8EE20732363002A4104 /* IMG_0006.PNG in Resources */,
				6770C8B820732281002A4104 /* Assets.xcassets in Resources */,
				6770C8B620732281002A4104 /* Main.storyboard in Resources */,
			);
			runOnlyForDeploymentPostprocessing = 0;
		};
		6770C8C120732281002A4104 /* Resources */ = {
			isa = PBXResourcesBuildPhase;
			buildActionMask = 2147483647;
			files = (
			);
			runOnlyForDeploymentPostprocessing = 0;
		};
		6770C8CC20732281002A4104 /* Resources */ = {
			isa = PBXResourcesBuildPhase;
			buildActionMask = 2147483647;
			files = (
			);
			runOnlyForDeploymentPostprocessing = 0;
		};
/* End PBXResourcesBuildPhase section */

/* Begin PBXSourcesBuildPhase section */
		6770C8A720732280002A4104 /* Sources */ = {
			isa = PBXSourcesBuildPhase;
			buildActionMask = 2147483647;
			files = (
				6770C8F12073250E002A4104 /* PPFixCropView.m in Sources */,
				6770C8B320732281002A4104 /* ViewController.m in Sources */,
				6770C8BE20732281002A4104 /* main.m in Sources */,
				6770C8E92073230F002A4104 /* PPCropBottomBar.m in Sources */,
				6770C8EB2073230F002A4104 /* PPCropMainVC.m in Sources */,
				6770C8B020732281002A4104 /* AppDelegate.m in Sources */,
				6770C8EC2073230F002A4104 /* UIImage+compressIMG.m in Sources */,
				6770C8EA2073230F002A4104 /* PPCropLineView.m in Sources */,
			);
			runOnlyForDeploymentPostprocessing = 0;
		};
		6770C8BF20732281002A4104 /* Sources */ = {
			isa = PBXSourcesBuildPhase;
			buildActionMask = 2147483647;
			files = (
				6770C8C820732281002A4104 /* PPCropTestTests.m in Sources */,
			);
			runOnlyForDeploymentPostprocessing = 0;
		};
		6770C8CA20732281002A4104 /* Sources */ = {
			isa = PBXSourcesBuildPhase;
			buildActionMask = 2147483647;
			files = (
				6770C8D320732281002A4104 /* PPCropTestUITests.m in Sources */,
			);
			runOnlyForDeploymentPostprocessing = 0;
		};
/* End PBXSourcesBuildPhase section */

/* Begin PBXTargetDependency section */
		6770C8C520732281002A4104 /* PBXTargetDependency */ = {
			isa = PBXTargetDependency;
			target = 6770C8AA20732280002A4104 /* PPCropTest */;
			targetProxy = 6770C8C420732281002A4104 /* PBXContainerItemProxy */;
		};
		6770C8D020732281002A4104 /* PBXTargetDependency */ = {
			isa = PBXTargetDependency;
			target = 6770C8AA20732280002A4104 /* PPCropTest */;
			targetProxy = 6770C8CF20732281002A4104 /* PBXContainerItemProxy */;
		};
/* End PBXTargetDependency section */

/* Begin PBXVariantGroup section */
		6770C8B420732281002A4104 /* Main.storyboard */ = {
			isa = PBXVariantGroup;
			children = (
				6770C8B520732281002A4104 /* Base */,
			);
			name = Main.storyboard;
			sourceTree = "<group>";
		};
		6770C8B920732281002A4104 /* LaunchScreen.storyboard */ = {
			isa = PBXVariantGroup;
			children = (
				6770C8BA20732281002A4104 /* Base */,
			);
			name = LaunchScreen.storyboard;
			sourceTree = "<group>";
		};
/* End PBXVariantGroup section */

/* Begin XCBuildConfiguration section */
		6770C8D520732281002A4104 /* Debug */ = {
			isa = XCBuildConfiguration;
			buildSettings = {
				ALWAYS_SEARCH_USER_PATHS = NO;
				CLANG_ANALYZER_NONNULL = YES;
				CLANG_ANALYZER_NUMBER_OBJECT_CONVERSION = YES_AGGRESSIVE;
				CLANG_CXX_LANGUAGE_STANDARD = "gnu++14";
				CLANG_CXX_LIBRARY = "libc++";
				CLANG_ENABLE_MODULES = YES;
				CLANG_ENABLE_OBJC_ARC = YES;
				CLANG_WARN_BLOCK_CAPTURE_AUTORELEASING = YES;
				CLANG_WARN_BOOL_CONVERSION = YES;
				CLANG_WARN_COMMA = YES;
				CLANG_WARN_CONSTANT_CONVERSION = YES;
				CLANG_WARN_DIRECT_OBJC_ISA_USAGE = YES_ERROR;
				CLANG_WARN_DOCUMENTATION_COMMENTS = YES;
				CLANG_WARN_EMPTY_BODY = YES;
				CLANG_WARN_ENUM_CONVERSION = YES;
				CLANG_WARN_INFINITE_RECURSION = YES;
				CLANG_WARN_INT_CONVERSION = YES;
				CLANG_WARN_NON_LITERAL_NULL_CONVERSION = YES;
				CLANG_WARN_OBJC_LITERAL_CONVERSION = YES;
				CLANG_WARN_OBJC_ROOT_CLASS = YES_ERROR;
				CLANG_WARN_RANGE_LOOP_ANALYSIS = YES;
				CLANG_WARN_STRICT_PROTOTYPES = YES;
				CLANG_WARN_SUSPICIOUS_MOVE = YES;
				CLANG_WARN_UNGUARDED_AVAILABILITY = YES_AGGRESSIVE;
				CLANG_WARN_UNREACHABLE_CODE = YES;
				CLANG_WARN__DUPLICATE_METHOD_MATCH = YES;
				CODE_SIGN_IDENTITY = "iPhone Developer";
				COPY_PHASE_STRIP = NO;
				DEBUG_INFORMATION_FORMAT = dwarf;
				ENABLE_STRICT_OBJC_MSGSEND = YES;
				ENABLE_TESTABILITY = YES;
				GCC_C_LANGUAGE_STANDARD = gnu11;
				GCC_DYNAMIC_NO_PIC = NO;
				GCC_NO_COMMON_BLOCKS = YES;
				GCC_OPTIMIZATION_LEVEL = 0;
				GCC_PREPROCESSOR_DEFINITIONS = (
					"DEBUG=1",
					"$(inherited)",
				);
				GCC_WARN_64_TO_32_BIT_CONVERSION = YES;
				GCC_WARN_ABOUT_RETURN_TYPE = YES_ERROR;
				GCC_WARN_UNDECLARED_SELECTOR = YES;
				GCC_WARN_UNINITIALIZED_AUTOS = YES_AGGRESSIVE;
				GCC_WARN_UNUSED_FUNCTION = YES;
				GCC_WARN_UNUSED_VARIABLE = YES;
				IPHONEOS_DEPLOYMENT_TARGET = 11.2;
				MTL_ENABLE_DEBUG_INFO = YES;
				ONLY_ACTIVE_ARCH = YES;
				SDKROOT = iphoneos;
			};
			name = Debug;
		};
		6770C8D620732281002A4104 /* Release */ = {
			isa = XCBuildConfiguration;
			buildSettings = {
				ALWAYS_SEARCH_USER_PATHS = NO;
				CLANG_ANALYZER_NONNULL = YES;
				CLANG_ANALYZER_NUMBER_OBJECT_CONVERSION = YES_AGGRESSIVE;
				CLANG_CXX_LANGUAGE_STANDARD = "gnu++14";
				CLANG_CXX_LIBRARY = "libc++";
				CLANG_ENABLE_MODULES = YES;
				CLANG_ENABLE_OBJC_ARC = YES;
				CLANG_WARN_BLOCK_CAPTURE_AUTORELEASING = YES;
				CLANG_WARN_BOOL_CONVERSION = YES;
				CLANG_WARN_COMMA = YES;
				CLANG_WARN_CONSTANT_CONVERSION = YES;
				CLANG_WARN_DIRECT_OBJC_ISA_USAGE = YES_ERROR;
				CLANG_WARN_DOCUMENTATION_COMMENTS = YES;
				CLANG_WARN_EMPTY_BODY = YES;
				CLANG_WARN_ENUM_CONVERSION = YES;
				CLANG_WARN_INFINITE_RECURSION = YES;
				CLANG_WARN_INT_CONVERSION = YES;
				CLANG_WARN_NON_LITERAL_NULL_CONVERSION = YES;
				CLANG_WARN_OBJC_LITERAL_CONVERSION = YES;
				CLANG_WARN_OBJC_ROOT_CLASS = YES_ERROR;
				CLANG_WARN_RANGE_LOOP_ANALYSIS = YES;
				CLANG_WARN_STRICT_PROTOTYPES = YES;
				CLANG_WARN_SUSPICIOUS_MOVE = YES;
				CLANG_WARN_UNGUARDED_AVAILABILITY = YES_AGGRESSIVE;
				CLANG_WARN_UNREACHABLE_CODE = YES;
				CLANG_WARN__DUPLICATE_METHOD_MATCH = YES;
				CODE_SIGN_IDENTITY = "iPhone Developer";
				COPY_PHASE_STRIP = NO;
				DEBUG_INFORMATION_FORMAT = "dwarf-with-dsym";
				ENABLE_NS_ASSERTIONS = NO;
				ENABLE_STRICT_OBJC_MSGSEND = YES;
				GCC_C_LANGUAGE_STANDARD = gnu11;
				GCC_NO_COMMON_BLOCKS = YES;
				GCC_WARN_64_TO_32_BIT_CONVERSION = YES;
				GCC_WARN_ABOUT_RETURN_TYPE = YES_ERROR;
				GCC_WARN_UNDECLARED_SELECTOR = YES;
				GCC_WARN_UNINITIALIZED_AUTOS = YES_AGGRESSIVE;
				GCC_WARN_UNUSED_FUNCTION = YES;
				GCC_WARN_UNUSED_VARIABLE = YES;
				IPHONEOS_DEPLOYMENT_TARGET = 11.2;
				MTL_ENABLE_DEBUG_INFO = NO;
				SDKROOT = iphoneos;
				VALIDATE_PRODUCT = YES;
			};
			name = Release;
		};
		6770C8D820732281002A4104 /* Debug */ = {
			isa = XCBuildConfiguration;
			buildSettings = {
				ASSETCATALOG_COMPILER_APPICON_NAME = AppIcon;
				CODE_SIGN_STYLE = Automatic;
				DEVELOPMENT_TEAM = K4YX79HD2P;
				INFOPLIST_FILE = PPCropTest/Info.plist;
				IPHONEOS_DEPLOYMENT_TARGET = 10.0;
				LD_RUNPATH_SEARCH_PATHS = "$(inherited) @executable_path/Frameworks";
				PRODUCT_BUNDLE_IDENTIFIER = com.amez.PPCropTest;
				PRODUCT_NAME = "$(TARGET_NAME)";
				TARGETED_DEVICE_FAMILY = "1,2";
			};
			name = Debug;
		};
		6770C8D920732281002A4104 /* Release */ = {
			isa = XCBuildConfiguration;
			buildSettings = {
				ASSETCATALOG_COMPILER_APPICON_NAME = AppIcon;
				CODE_SIGN_STYLE = Automatic;
				DEVELOPMENT_TEAM = K4YX79HD2P;
				INFOPLIST_FILE = PPCropTest/Info.plist;
				IPHONEOS_DEPLOYMENT_TARGET = 10.0;
				LD_RUNPATH_SEARCH_PATHS = "$(inherited) @executable_path/Frameworks";
				PRODUCT_BUNDLE_IDENTIFIER = com.amez.PPCropTest;
				PRODUCT_NAME = "$(TARGET_NAME)";
				TARGETED_DEVICE_FAMILY = "1,2";
			};
			name = Release;
		};
		6770C8DB20732281002A4104 /* Debug */ = {
			isa = XCBuildConfiguration;
			buildSettings = {
				BUNDLE_LOADER = "$(TEST_HOST)";
				CODE_SIGN_STYLE = Automatic;
				DEVELOPMENT_TEAM = K4YX79HD2P;
				INFOPLIST_FILE = PPCropTestTests/Info.plist;
				LD_RUNPATH_SEARCH_PATHS = "$(inherited) @executable_path/Frameworks @loader_path/Frameworks";
				PRODUCT_BUNDLE_IDENTIFIER = com.amez.PPCropTestTests;
				PRODUCT_NAME = "$(TARGET_NAME)";
				TARGETED_DEVICE_FAMILY = "1,2";
				TEST_HOST = "$(BUILT_PRODUCTS_DIR)/PPCropTest.app/PPCropTest";
			};
			name = Debug;
		};
		6770C8DC20732281002A4104 /* Release */ = {
			isa = XCBuildConfiguration;
			buildSettings = {
				BUNDLE_LOADER = "$(TEST_HOST)";
				CODE_SIGN_STYLE = Automatic;
				DEVELOPMENT_TEAM = K4YX79HD2P;
				INFOPLIST_FILE = PPCropTestTests/Info.plist;
				LD_RUNPATH_SEARCH_PATHS = "$(inherited) @executable_path/Frameworks @loader_path/Frameworks";
				PRODUCT_BUNDLE_IDENTIFIER = com.amez.PPCropTestTests;
				PRODUCT_NAME = "$(TARGET_NAME)";
				TARGETED_DEVICE_FAMILY = "1,2";
				TEST_HOST = "$(BUILT_PRODUCTS_DIR)/PPCropTest.app/PPCropTest";
			};
			name = Release;
		};
		6770C8DE20732281002A4104 /* Debug */ = {
			isa = XCBuildConfiguration;
			buildSettings = {
				CODE_SIGN_STYLE = Automatic;
				DEVELOPMENT_TEAM = K4YX79HD2P;
				INFOPLIST_FILE = PPCropTestUITests/Info.plist;
				LD_RUNPATH_SEARCH_PATHS = "$(inherited) @executable_path/Frameworks @loader_path/Frameworks";
				PRODUCT_BUNDLE_IDENTIFIER = com.amez.PPCropTestUITests;
				PRODUCT_NAME = "$(TARGET_NAME)";
				TARGETED_DEVICE_FAMILY = "1,2";
				TEST_TARGET_NAME = PPCropTest;
			};
			name = Debug;
		};
		6770C8DF20732281002A4104 /* Release */ = {
			isa = XCBuildConfiguration;
			buildSettings = {
				CODE_SIGN_STYLE = Automatic;
				DEVELOPMENT_TEAM = K4YX79HD2P;
				INFOPLIST_FILE = PPCropTestUITests/Info.plist;
				LD_RUNPATH_SEARCH_PATHS = "$(inherited) @executable_path/Frameworks @loader_path/Frameworks";
				PRODUCT_BUNDLE_IDENTIFIER = com.amez.PPCropTestUITests;
				PRODUCT_NAME = "$(TARGET_NAME)";
				TARGETED_DEVICE_FAMILY = "1,2";
				TEST_TARGET_NAME = PPCropTest;
			};
			name = Release;
		};
/* End XCBuildConfiguration section */

/* Begin XCConfigurationList section */
		6770C8A620732280002A4104 /* Build configuration list for PBXProject "PPCropTest" */ = {
			isa = XCConfigurationList;
			buildConfigurations = (
				6770C8D520732281002A4104 /* Debug */,
				6770C8D620732281002A4104 /* Release */,
			);
			defaultConfigurationIsVisible = 0;
			defaultConfigurationName = Release;
		};
		6770C8D720732281002A4104 /* Build configuration list for PBXNativeTarget "PPCropTest" */ = {
			isa = XCConfigurationList;
			buildConfigurations = (
				6770C8D820732281002A4104 /* Debug */,
				6770C8D920732281002A4104 /* Release */,
			);
			defaultConfigurationIsVisible = 0;
			defaultConfigurationName = Release;
		};
		6770C8DA20732281002A4104 /* Build configuration list for PBXNativeTarget "PPCropTestTests" */ = {
			isa = XCConfigurationList;
			buildConfigurations = (
				6770C8DB20732281002A4104 /* Debug */,
				6770C8DC20732281002A4104 /* Release */,
			);
			defaultConfigurationIsVisible = 0;
			defaultConfigurationName = Release;
		};
		6770C8DD20732281002A4104 /* Build configuration list for PBXNativeTarget "PPCropTestUITests" */ = {
			isa = XCConfigurationList;
			buildConfigurations = (
				6770C8DE20732281002A4104 /* Debug */,
				6770C8DF20732281002A4104 /* Release */,
			);
			defaultConfigurationIsVisible = 0;
			defaultConfigurationName = Release;
		};
/* End XCConfigurationList section */
	};
	rootObject = 6770C8A320732280002A4104 /* Project object */;
}
